
Microsoft Visual Studio Solution File, Format Version 12.00
# Visual Studio Version 16
VisualStudioVersion = 16.0.30717.126
MinimumVisualStudioVersion = 10.0.40219.1
Project("{FAE04EC0-301F-11D3-BF4B-00C04F79EFBC}") = "MA", "MA\MA.csproj", "{5B1C7786-9DAD-4F57-99F3-85036F31E517}"
EndProject
Global
	GlobalSection(SolutionConfigurationPlatforms) = preSolution
		Debug|Any CPU = Debug|Any CPU
		Release|Any CPU = Release|Any CPU
	EndGlobalSection
	GlobalSection(ProjectConfigurationPlatforms) = postSolution
		{5B1C7786-9DAD-4F57-99F3-85036F31E517}.Debug|Any CPU.ActiveCfg = Debug|Any CPU
		{5B1C7786-9DAD-4F57-99F3-85036F31E517}.Debug|Any CPU.Build.0 = Debug|Any CPU
		{5B1C7786-9DAD-4F57-99F3-85036F31E517}.Release|Any CPU.ActiveCfg = Release|Any CPU
		{5B1C7786-9DAD-4F57-99F3-85036F31E517}.Release|Any CPU.Build.0 = Release|Any CPU
	EndGlobalSection
	GlobalSection(SolutionProperties) = preSolution
		HideSolutionNode = FALSE
	EndGlobalSection
	GlobalSection(ExtensibilityGlobals) = postSolution
		SolutionGuid = {F05557B0-25BB-46CB-A604-CA47201024E9}
	EndGlobalSection
EndGlobal
